#
# This file is autogenerated by pip-compile with Python 3.14
# by the following command:
#
#    pip-compile --output-file=requirements.lock requirements.txt
#
annotated-types==0.7.0
    # via pydantic
boto3==1.42.78
    # via -r requirements.txt
botocore==1.42.78
    # via
    #   boto3
    #   s3transfer
coverage[toml]==7.13.5
    # via pytest-cov
iniconfig==2.3.0
    # via pytest
jmespath==1.1.0
    # via
    #   boto3
    #   botocore
packaging==26.0
    # via pytest
pluggy==1.6.0
    # via
    #   pytest
    #   pytest-cov
pydantic==2.12.5
    # via -r requirements.txt
pydantic-core==2.41.5
    # via pydantic
pygments==2.19.2
    # via pytest
pytest==9.0.2
    # via
    #   -r requirements.txt
    #   pytest-cov
pytest-cov==7.1.0
    # via -r requirements.txt
python-dateutil==2.9.0.post0
    # via botocore
ruff==0.15.8
    # via -r requirements.txt
s3transfer==0.16.0
    # via boto3
six==1.17.0
    # via python-dateutil
typing-extensions==4.15.0
    # via
    #   pydantic
    #   pydantic-core
    #   typing-inspection
typing-inspection==0.4.2
    # via pydantic
urllib3==2.6.3
    # via botocore
